{
  "name": "temp_dpa",
  "version": "1.0.0",
  "lockfileVersion": 3,
  "requires": true,
  "packages": {
    "": {
      "name": "temp_dpa",
      "version": "1.0.0",
      "license": "ISC",
      "dependencies": {
        "ecuador-postal-codes": "^0.0.6"
      }
    },
    "node_modules/ecuador-postal-codes": {
      "version": "0.0.6",
      "resolved": "https://registry.npmjs.org/ecuador-postal-codes/-/ecuador-postal-codes-0.0.6.tgz",
      "integrity": "sha512-LNKBqDCBwKfZLsu6aeQXuyXJ0vU/Wir+UV07GuCILGDlfe/PULLhUvz8+yKuy3k9Y8/zoeC8bEi3+QN8MtkJgQ==",
      "license": "MIT",
      "engines": {
        "node": ">=8.15.0"
      }
    }
  }
}
